
Microsoft Visual Studio Solution File, Format Version 12.00
# Visual Studio Version 17
VisualStudioVersion = 17.7.34024.191
MinimumVisualStudioVersion = 10.0.40219.1
Project("{FAE04EC0-301F-11D3-BF4B-00C04F79EFBC}") = "ControleEstoquePTI", "ControleEstoquePTI\ControleEstoquePTI.csproj", "{7EDBD843-0845-4DE3-BA5E-EB0F2F3ABB4D}"
EndProject
Global
	GlobalSection(SolutionConfigurationPlatforms) = preSolution
		Debug|Any CPU = Debug|Any CPU
		Release|Any CPU = Release|Any CPU
	EndGlobalSection
	GlobalSection(ProjectConfigurationPlatforms) = postSolution
		{7EDBD843-0845-4DE3-BA5E-EB0F2F3ABB4D}.Debug|Any CPU.ActiveCfg = Debug|Any CPU
		{7EDBD843-0845-4DE3-BA5E-EB0F2F3ABB4D}.Debug|Any CPU.Build.0 = Debug|Any CPU
		{7EDBD843-0845-4DE3-BA5E-EB0F2F3ABB4D}.Release|Any CPU.ActiveCfg = Release|Any CPU
		{7EDBD843-0845-4DE3-BA5E-EB0F2F3ABB4D}.Release|Any CPU.Build.0 = Release|Any CPU
	EndGlobalSection
	GlobalSection(SolutionProperties) = preSolution
		HideSolutionNode = FALSE
	EndGlobalSection
	GlobalSection(ExtensibilityGlobals) = postSolution
		SolutionGuid = {FECAD305-B322-44D6-9C99-6BAEDA831DC0}
	EndGlobalSection
EndGlobal
