
Microsoft Visual Studio Solution File, Format Version 12.00
# Visual Studio Version 17
VisualStudioVersion = 17.7.34024.191
MinimumVisualStudioVersion = 10.0.40219.1
Project("{FAE04EC0-301F-11D3-BF4B-00C04F79EFBC}") = "RetanguloClasseMetodos", "RetanguloClasseMetodos\RetanguloClasseMetodos.csproj", "{502FE26F-C407-477A-848E-26C70961BB9F}"
EndProject
Global
	GlobalSection(SolutionConfigurationPlatforms) = preSolution
		Debug|Any CPU = Debug|Any CPU
		Release|Any CPU = Release|Any CPU
	EndGlobalSection
	GlobalSection(ProjectConfigurationPlatforms) = postSolution
		{502FE26F-C407-477A-848E-26C70961BB9F}.Debug|Any CPU.ActiveCfg = Debug|Any CPU
		{502FE26F-C407-477A-848E-26C70961BB9F}.Debug|Any CPU.Build.0 = Debug|Any CPU
		{502FE26F-C407-477A-848E-26C70961BB9F}.Release|Any CPU.ActiveCfg = Release|Any CPU
		{502FE26F-C407-477A-848E-26C70961BB9F}.Release|Any CPU.Build.0 = Release|Any CPU
	EndGlobalSection
	GlobalSection(SolutionProperties) = preSolution
		HideSolutionNode = FALSE
	EndGlobalSection
	GlobalSection(ExtensibilityGlobals) = postSolution
		SolutionGuid = {7D6185D9-BC64-496C-B9DB-DC1B63858227}
	EndGlobalSection
EndGlobal
